
Microsoft Visual Studio Solution File, Format Version 12.00
# Visual Studio Version 16
VisualStudioVersion = 16.0.31729.503
MinimumVisualStudioVersion = 10.0.40219.1
Project("{FAE04EC0-301F-11D3-BF4B-00C04F79EFBC}") = "Employee_Wage_Comp", "Employee_Wage_Comp.csproj", "{0A713794-5F24-47CB-80E0-9D2547748A1C}"
EndProject
Global
	GlobalSection(SolutionConfigurationPlatforms) = preSolution
		Debug|Any CPU = Debug|Any CPU
		Release|Any CPU = Release|Any CPU
	EndGlobalSection
	GlobalSection(ProjectConfigurationPlatforms) = postSolution
		{0A713794-5F24-47CB-80E0-9D2547748A1C}.Debug|Any CPU.ActiveCfg = Debug|Any CPU
		{0A713794-5F24-47CB-80E0-9D2547748A1C}.Debug|Any CPU.Build.0 = Debug|Any CPU
		{0A713794-5F24-47CB-80E0-9D2547748A1C}.Release|Any CPU.ActiveCfg = Release|Any CPU
		{0A713794-5F24-47CB-80E0-9D2547748A1C}.Release|Any CPU.Build.0 = Release|Any CPU
	EndGlobalSection
	GlobalSection(SolutionProperties) = preSolution
		HideSolutionNode = FALSE
	EndGlobalSection
	GlobalSection(ExtensibilityGlobals) = postSolution
		SolutionGuid = {876DECC9-2382-4263-9C8C-CA47BA96EF1C}
	EndGlobalSection
EndGlobal
